// !$*UTF8*$!
{
	archiveVersion = 1;
	classes = {
	};
	objectVersion = 55;
	objects = {

/* Begin PBXBuildFile section */
		953D750328A0F083003BCA51 /* AppDelegate.swift in Sources */ = {isa = PBXBuildFile; fileRef = 953D750228A0F083003BCA51 /* AppDelegate.swift */; };
		953D750528A0F083003BCA51 /* SceneDelegate.swift in Sources */ = {isa = PBXBuildFile; fileRef = 953D750428A0F083003BCA51 /* SceneDelegate.swift */; };
		953D750728A0F083003BCA51 /* ViewController.swift in Sources */ = {isa = PBXBuildFile; fileRef = 953D750628A0F083003BCA51 /* ViewController.swift */; };
		953D750A28A0F083003BCA51 /* Main.storyboard in Resources */ = {isa = PBXBuildFile; fileRef = 953D750828A0F083003BCA51 /* Main.storyboard */; };
		953D750C28A0F084003BCA51 /* Assets.xcassets in Resources */ = {isa = PBXBuildFile; fileRef = 953D750B28A0F084003BCA51 /* Assets.xcassets */; };
		953D750F28A0F084003BCA51 /* LaunchScreen.storyboard in Resources */ = {isa = PBXBuildFile; fileRef = 953D750D28A0F084003BCA51 /* LaunchScreen.storyboard */; };
		953D751A28A0F084003BCA51 /* MyMedicineTests.swift in Sources */ = {isa = PBXBuildFile; fileRef = 953D751928A0F084003BCA51 /* MyMedicineTests.swift */; };
		953D752428A0F084003BCA51 /* MyMedicineUITests.swift in Sources */ = {isa = PBXBuildFile; fileRef = 953D752328A0F084003BCA51 /* MyMedicineUITests.swift */; };
		953D752628A0F084003BCA51 /* MyMedicineUITestsLaunchTests.swift in Sources */ = {isa = PBXBuildFile; fileRef = 953D752528A0F084003BCA51 /* MyMedicineUITestsLaunchTests.swift */; };
/* End PBXBuildFile section */

/* Begin PBXContainerItemProxy section */
		953D751628A0F084003BCA51 /* PBXContainerItemProxy */ = {
			isa = PBXContainerItemProxy;
			containerPortal = 953D74F728A0F083003BCA51 /* Project object */;
			proxyType = 1;
			remoteGlobalIDString = 953D74FE28A0F083003BCA51;
			remoteInfo = MyMedicine;
		};
		953D752028A0F084003BCA51 /* PBXContainerItemProxy */ = {
			isa = PBXContainerItemProxy;
			containerPortal = 953D74F728A0F083003BCA51 /* Project object */;
			proxyType = 1;
			remoteGlobalIDString = 953D74FE28A0F083003BCA51;
			remoteInfo = MyMedicine;
		};
/* End PBXContainerItemProxy section */

/* Begin PBXFileReference section */
		953D74FF28A0F083003BCA51 /* MyMedicine.app */ = {isa = PBXFileReference; explicitFileType = wrapper.application; includeInIndex = 0; path = MyMedicine.app; sourceTree = BUILT_PRODUCTS_DIR; };
		953D750228A0F083003BCA51 /* AppDelegate.swift */ = {isa = PBXFileReference; lastKnownFileType = sourcecode.swift; path = AppDelegate.swift; sourceTree = "<group>"; };
		953D750428A0F083003BCA51 /* SceneDelegate.swift */ = {isa = PBXFileReference; lastKnownFileType = sourcecode.swift; path = SceneDelegate.swift; sourceTree = "<group>"; };
		953D750628A0F083003BCA51 /* ViewController.swift */ = {isa = PBXFileReference; lastKnownFileType = sourcecode.swift; path = ViewController.swift; sourceTree = "<group>"; };
		953D750928A0F083003BCA51 /* Base */ = {isa = PBXFileReference; lastKnownFileType = file.storyboard; name = Base; path = Base.lproj/Main.storyboard; sourceTree = "<group>"; };
		953D750B28A0F084003BCA51 /* Assets.xcassets */ = {isa = PBXFileReference; lastKnownFileType = folder.assetcatalog; path = Assets.xcassets; sourceTree = "<group>"; };
		953D750E28A0F084003BCA51 /* Base */ = {isa = PBXFileReference; lastKnownFileType = file.storyboard; name = Base; path = Base.lproj/LaunchScreen.storyboard; sourceTree = "<group>"; };
		953D751028A0F084003BCA51 /* Info.plist */ = {isa = PBXFileReference; lastKnownFileType = text.plist.xml; path = Info.plist; sourceTree = "<group>"; };
		953D751528A0F084003BCA51 /* MyMedicineTests.xctest */ = {isa = PBXFileReference; explicitFileType = wrapper.cfbundle; includeInIndex = 0; path = MyMedicineTests.xctest; sourceTree = BUILT_PRODUCTS_DIR; };
		953D751928A0F084003BCA51 /* MyMedicineTests.swift */ = {isa = PBXFileReference; lastKnownFileType = sourcecode.swift; path = MyMedicineTests.swift; sourceTree = "<group>"; };
		953D751F28A0F084003BCA51 /* MyMedicineUITests.xctest */ = {isa = PBXFileReference; explicitFileType = wrapper.cfbundle; includeInIndex = 0; path = MyMedicineUITests.xctest; sourceTree = BUILT_PRODUCTS_DIR; };
		953D752328A0F084003BCA51 /* MyMedicineUITests.swift */ = {isa = PBXFileReference; lastKnownFileType = sourcecode.swift; path = MyMedicineUITests.swift; sourceTree = "<group>"; };
		953D752528A0F084003BCA51 /* MyMedicineUITestsLaunchTests.swift */ = {isa = PBXFileReference; lastKnownFileType = sourcecode.swift; path = MyMedicineUITestsLaunchTests.swift; sourceTree = "<group>"; };
/* End PBXFileReference section */

/* Begin PBXFrameworksBuildPhase section */
		953D74FC28A0F083003BCA51 /* Frameworks */ = {
			isa = PBXFrameworksBuildPhase;
			buildActionMask = 2147483647;
			files = (
			);
			runOnlyForDeploymentPostprocessing = 0;
		};
		953D751228A0F084003BCA51 /* Frameworks */ = {
			isa = PBXFrameworksBuildPhase;
			buildActionMask = 2147483647;
			files = (
			);
			runOnlyForDeploymentPostprocessing = 0;
		};
		953D751C28A0F084003BCA51 /* Frameworks */ = {
			isa = PBXFrameworksBuildPhase;
			buildActionMask = 2147483647;
			files = (
			);
			runOnlyForDeploymentPostprocessing = 0;
		};
/* End PBXFrameworksBuildPhase section */

/* Begin PBXGroup section */
		953D74F628A0F083003BCA51 = {
			isa = PBXGroup;
			children = (
				953D750128A0F083003BCA51 /* MyMedicine */,
				953D751828A0F084003BCA51 /* MyMedicineTests */,
				953D752228A0F084003BCA51 /* MyMedicineUITests */,
				953D750028A0F083003BCA51 /* Products */,
			);
			sourceTree = "<group>";
		};
		953D750028A0F083003BCA51 /* Products */ = {
			isa = PBXGroup;
			children = (
				953D74FF28A0F083003BCA51 /* MyMedicine.app */,
				953D751528A0F084003BCA51 /* MyMedicineTests.xctest */,
				953D751F28A0F084003BCA51 /* MyMedicineUITests.xctest */,
			);
			name = Products;
			sourceTree = "<group>";
		};
		953D750128A0F083003BCA51 /* MyMedicine */ = {
			isa = PBXGroup;
			children = (
				953D750228A0F083003BCA51 /* AppDelegate.swift */,
				953D750428A0F083003BCA51 /* SceneDelegate.swift */,
				953D750628A0F083003BCA51 /* ViewController.swift */,
				953D750828A0F083003BCA51 /* Main.storyboard */,
				953D750B28A0F084003BCA51 /* Assets.xcassets */,
				953D750D28A0F084003BCA51 /* LaunchScreen.storyboard */,
				953D751028A0F084003BCA51 /* Info.plist */,
			);
			path = MyMedicine;
			sourceTree = "<group>";
		};
		953D751828A0F084003BCA51 /* MyMedicineTests */ = {
			isa = PBXGroup;
			children = (
				953D751928A0F084003BCA51 /* MyMedicineTests.swift */,
			);
			path = MyMedicineTests;
			sourceTree = "<group>";
		};
		953D752228A0F084003BCA51 /* MyMedicineUITests */ = {
			isa = PBXGroup;
			children = (
				953D752328A0F084003BCA51 /* MyMedicineUITests.swift */,
				953D752528A0F084003BCA51 /* MyMedicineUITestsLaunchTests.swift */,
			);
			path = MyMedicineUITests;
			sourceTree = "<group>";
		};
/* End PBXGroup section */

/* Begin PBXNativeTarget section */
		953D74FE28A0F083003BCA51 /* MyMedicine */ = {
			isa = PBXNativeTarget;
			buildConfigurationList = 953D752928A0F084003BCA51 /* Build configuration list for PBXNativeTarget "MyMedicine" */;
			buildPhases = (
				953D74FB28A0F083003BCA51 /* Sources */,
				953D74FC28A0F083003BCA51 /* Frameworks */,
				953D74FD28A0F083003BCA51 /* Resources */,
			);
			buildRules = (
			);
			dependencies = (
			);
			name = MyMedicine;
			productName = MyMedicine;
			productReference = 953D74FF28A0F083003BCA51 /* MyMedicine.app */;
			productType = "com.apple.product-type.application";
		};
		953D751428A0F084003BCA51 /* MyMedicineTests */ = {
			isa = PBXNativeTarget;
			buildConfigurationList = 953D752C28A0F084003BCA51 /* Build configuration list for PBXNativeTarget "MyMedicineTests" */;
			buildPhases = (
				953D751128A0F084003BCA51 /* Sources */,
				953D751228A0F084003BCA51 /* Frameworks */,
				953D751328A0F084003BCA51 /* Resources */,
			);
			buildRules = (
			);
			dependencies = (
				953D751728A0F084003BCA51 /* PBXTargetDependency */,
			);
			name = MyMedicineTests;
			productName = MyMedicineTests;
			productReference = 953D751528A0F084003BCA51 /* MyMedicineTests.xctest */;
			productType = "com.apple.product-type.bundle.unit-test";
		};
		953D751E28A0F084003BCA51 /* MyMedicineUITests */ = {
			isa = PBXNativeTarget;
			buildConfigurationList = 953D752F28A0F084003BCA51 /* Build configuration list for PBXNativeTarget "MyMedicineUITests" */;
			buildPhases = (
				953D751B28A0F084003BCA51 /* Sources */,
				953D751C28A0F084003BCA51 /* Frameworks */,
				953D751D28A0F084003BCA51 /* Resources */,
			);
			buildRules = (
			);
			dependencies = (
				953D752128A0F084003BCA51 /* PBXTargetDependency */,
			);
			name = MyMedicineUITests;
			productName = MyMedicineUITests;
			productReference = 953D751F28A0F084003BCA51 /* MyMedicineUITests.xctest */;
			productType = "com.apple.product-type.bundle.ui-testing";
		};
/* End PBXNativeTarget section */

/* Begin PBXProject section */
		953D74F728A0F083003BCA51 /* Project object */ = {
			isa = PBXProject;
			attributes = {
				BuildIndependentTargetsInParallel = 1;
				LastSwiftUpdateCheck = 1340;
				LastUpgradeCheck = 1340;
				TargetAttributes = {
					953D74FE28A0F083003BCA51 = {
						CreatedOnToolsVersion = 13.4;
					};
					953D751428A0F084003BCA51 = {
						CreatedOnToolsVersion = 13.4;
						TestTargetID = 953D74FE28A0F083003BCA51;
					};
					953D751E28A0F084003BCA51 = {
						CreatedOnToolsVersion = 13.4;
						TestTargetID = 953D74FE28A0F083003BCA51;
					};
				};
			};
			buildConfigurationList = 953D74FA28A0F083003BCA51 /* Build configuration list for PBXProject "MyMedicine" */;
			compatibilityVersion = "Xcode 13.0";
			developmentRegion = en;
			hasScannedForEncodings = 0;
			knownRegions = (
				en,
				Base,
			);
			mainGroup = 953D74F628A0F083003BCA51;
			productRefGroup = 953D750028A0F083003BCA51 /* Products */;
			projectDirPath = "";
			projectRoot = "";
			targets = (
				953D74FE28A0F083003BCA51 /* MyMedicine */,
				953D751428A0F084003BCA51 /* MyMedicineTests */,
				953D751E28A0F084003BCA51 /* MyMedicineUITests */,
			);
		};
/* End PBXProject section */

/* Begin PBXResourcesBuildPhase section */
		953D74FD28A0F083003BCA51 /* Resources */ = {
			isa = PBXResourcesBuildPhase;
			buildActionMask = 2147483647;
			files = (
				953D750F28A0F084003BCA51 /* LaunchScreen.storyboard in Resources */,
				953D750C28A0F084003BCA51 /* Assets.xcassets in Resources */,
				953D750A28A0F083003BCA51 /* Main.storyboard in Resources */,
			);
			runOnlyForDeploymentPostprocessing = 0;
		};
		953D751328A0F084003BCA51 /* Resources */ = {
			isa = PBXResourcesBuildPhase;
			buildActionMask = 2147483647;
			files = (
			);
			runOnlyForDeploymentPostprocessing = 0;
		};
		953D751D28A0F084003BCA51 /* Resources */ = {
			isa = PBXResourcesBuildPhase;
			buildActionMask = 2147483647;
			files = (
			);
			runOnlyForDeploymentPostprocessing = 0;
		};
/* End PBXResourcesBuildPhase section */

/* Begin PBXSourcesBuildPhase section */
		953D74FB28A0F083003BCA51 /* Sources */ = {
			isa = PBXSourcesBuildPhase;
			buildActionMask = 2147483647;
			files = (
				953D750728A0F083003BCA51 /* ViewController.swift in Sources */,
				953D750328A0F083003BCA51 /* AppDelegate.swift in Sources */,
				953D750528A0F083003BCA51 /* SceneDelegate.swift in Sources */,
			);
			runOnlyForDeploymentPostprocessing = 0;
		};
		953D751128A0F084003BCA51 /* Sources */ = {
			isa = PBXSourcesBuildPhase;
			buildActionMask = 2147483647;
			files = (
				953D751A28A0F084003BCA51 /* MyMedicineTests.swift in Sources */,
			);
			runOnlyForDeploymentPostprocessing = 0;
		};
		953D751B28A0F084003BCA51 /* Sources */ = {
			isa = PBXSourcesBuildPhase;
			buildActionMask = 2147483647;
			files = (
				953D752628A0F084003BCA51 /* MyMedicineUITestsLaunchTests.swift in Sources */,
				953D752428A0F084003BCA51 /* MyMedicineUITests.swift in Sources */,
			);
			runOnlyForDeploymentPostprocessing = 0;
		};
/* End PBXSourcesBuildPhase section */

/* Begin PBXTargetDependency section */
		953D751728A0F084003BCA51 /* PBXTargetDependency */ = {
			isa = PBXTargetDependency;
			target = 953D74FE28A0F083003BCA51 /* MyMedicine */;
			targetProxy = 953D751628A0F084003BCA51 /* PBXContainerItemProxy */;
		};
		953D752128A0F084003BCA51 /* PBXTargetDependency */ = {
			isa = PBXTargetDependency;
			target = 953D74FE28A0F083003BCA51 /* MyMedicine */;
			targetProxy = 953D752028A0F084003BCA51 /* PBXContainerItemProxy */;
		};
/* End PBXTargetDependency section */

/* Begin PBXVariantGroup section */
		953D750828A0F083003BCA51 /* Main.storyboard */ = {
			isa = PBXVariantGroup;
			children = (
				953D750928A0F083003BCA51 /* Base */,
			);
			name = Main.storyboard;
			sourceTree = "<group>";
		};
		953D750D28A0F084003BCA51 /* LaunchScreen.storyboard */ = {
			isa = PBXVariantGroup;
			children = (
				953D750E28A0F084003BCA51 /* Base */,
			);
			name = LaunchScreen.storyboard;
			sourceTree = "<group>";
		};
/* End PBXVariantGroup section */

/* Begin XCBuildConfiguration section */
		953D752728A0F084003BCA51 /* Debug */ = {
			isa = XCBuildConfiguration;
			buildSettings = {
				ALWAYS_SEARCH_USER_PATHS = NO;
				CLANG_ANALYZER_NONNULL = YES;
				CLANG_ANALYZER_NUMBER_OBJECT_CONVERSION = YES_AGGRESSIVE;
				CLANG_CXX_LANGUAGE_STANDARD = "gnu++17";
				CLANG_ENABLE_MODULES = YES;
				CLANG_ENABLE_OBJC_ARC = YES;
				CLANG_ENABLE_OBJC_WEAK = YES;
				CLANG_WARN_BLOCK_CAPTURE_AUTORELEASING = YES;
				CLANG_WARN_BOOL_CONVERSION = YES;
				CLANG_WARN_COMMA = YES;
				CLANG_WARN_CONSTANT_CONVERSION = YES;
				CLANG_WARN_DEPRECATED_OBJC_IMPLEMENTATIONS = YES;
				CLANG_WARN_DIRECT_OBJC_ISA_USAGE = YES_ERROR;
				CLANG_WARN_DOCUMENTATION_COMMENTS = YES;
				CLANG_WARN_EMPTY_BODY = YES;
				CLANG_WARN_ENUM_CONVERSION = YES;
				CLANG_WARN_INFINITE_RECURSION = YES;
				CLANG_WARN_INT_CONVERSION = YES;
				CLANG_WARN_NON_LITERAL_NULL_CONVERSION = YES;
				CLANG_WARN_OBJC_IMPLICIT_RETAIN_SELF = YES;
				CLANG_WARN_OBJC_LITERAL_CONVERSION = YES;
				CLANG_WARN_OBJC_ROOT_CLASS = YES_ERROR;
				CLANG_WARN_QUOTED_INCLUDE_IN_FRAMEWORK_HEADER = YES;
				CLANG_WARN_RANGE_LOOP_ANALYSIS = YES;
				CLANG_WARN_STRICT_PROTOTYPES = YES;
				CLANG_WARN_SUSPICIOUS_MOVE = YES;
				CLANG_WARN_UNGUARDED_AVAILABILITY = YES_AGGRESSIVE;
				CLANG_WARN_UNREACHABLE_CODE = YES;
				CLANG_WARN__DUPLICATE_METHOD_MATCH = YES;
				COPY_PHASE_STRIP = NO;
				DEBUG_INFORMATION_FORMAT = dwarf;
				ENABLE_STRICT_OBJC_MSGSEND = YES;
				ENABLE_TESTABILITY = YES;
				GCC_C_LANGUAGE_STANDARD = gnu11;
				GCC_DYNAMIC_NO_PIC = NO;
				GCC_NO_COMMON_BLOCKS = YES;
				GCC_OPTIMIZATION_LEVEL = 0;
				GCC_PREPROCESSOR_DEFINITIONS = (
					"DEBUG=1",
					"$(inherited)",
				);
				GCC_WARN_64_TO_32_BIT_CONVERSION = YES;
				GCC_WARN_ABOUT_RETURN_TYPE = YES_ERROR;
				GCC_WARN_UNDECLARED_SELECTOR = YES;
				GCC_WARN_UNINITIALIZED_AUTOS = YES_AGGRESSIVE;
				GCC_WARN_UNUSED_FUNCTION = YES;
				GCC_WARN_UNUSED_VARIABLE = YES;
				IPHONEOS_DEPLOYMENT_TARGET = 15.5;
				MTL_ENABLE_DEBUG_INFO = INCLUDE_SOURCE;
				MTL_FAST_MATH = YES;
				ONLY_ACTIVE_ARCH = YES;
				SDKROOT = iphoneos;
				SWIFT_ACTIVE_COMPILATION_CONDITIONS = DEBUG;
				SWIFT_OPTIMIZATION_LEVEL = "-Onone";
			};
			name = Debug;
		};
		953D752828A0F084003BCA51 /* Release */ = {
			isa = XCBuildConfiguration;
			buildSettings = {
				ALWAYS_SEARCH_USER_PATHS = NO;
				CLANG_ANALYZER_NONNULL = YES;
				CLANG_ANALYZER_NUMBER_OBJECT_CONVERSION = YES_AGGRESSIVE;
				CLANG_CXX_LANGUAGE_STANDARD = "gnu++17";
				CLANG_ENABLE_MODULES = YES;
				CLANG_ENABLE_OBJC_ARC = YES;
				CLANG_ENABLE_OBJC_WEAK = YES;
				CLANG_WARN_BLOCK_CAPTURE_AUTORELEASING = YES;
				CLANG_WARN_BOOL_CONVERSION = YES;
				CLANG_WARN_COMMA = YES;
				CLANG_WARN_CONSTANT_CONVERSION = YES;
				CLANG_WARN_DEPRECATED_OBJC_IMPLEMENTATIONS = YES;
				CLANG_WARN_DIRECT_OBJC_ISA_USAGE = YES_ERROR;
				CLANG_WARN_DOCUMENTATION_COMMENTS = YES;
				CLANG_WARN_EMPTY_BODY = YES;
				CLANG_WARN_ENUM_CONVERSION = YES;
				CLANG_WARN_INFINITE_RECURSION = YES;
				CLANG_WARN_INT_CONVERSION = YES;
				CLANG_WARN_NON_LITERAL_NULL_CONVERSION = YES;
				CLANG_WARN_OBJC_IMPLICIT_RETAIN_SELF = YES;
				CLANG_WARN_OBJC_LITERAL_CONVERSION = YES;
				CLANG_WARN_OBJC_ROOT_CLASS = YES_ERROR;
				CLANG_WARN_QUOTED_INCLUDE_IN_FRAMEWORK_HEADER = YES;
				CLANG_WARN_RANGE_LOOP_ANALYSIS = YES;
				CLANG_WARN_STRICT_PROTOTYPES = YES;
				CLANG_WARN_SUSPICIOUS_MOVE = YES;
				CLANG_WARN_UNGUARDED_AVAILABILITY = YES_AGGRESSIVE;
				CLANG_WARN_UNREACHABLE_CODE = YES;
				CLANG_WARN__DUPLICATE_METHOD_MATCH = YES;
				COPY_PHASE_STRIP = NO;
				DEBUG_INFORMATION_FORMAT = "dwarf-with-dsym";
				ENABLE_NS_ASSERTIONS = NO;
				ENABLE_STRICT_OBJC_MSGSEND = YES;
				GCC_C_LANGUAGE_STANDARD = gnu11;
				GCC_NO_COMMON_BLOCKS = YES;
				GCC_WARN_64_TO_32_BIT_CONVERSION = YES;
				GCC_WARN_ABOUT_RETURN_TYPE = YES_ERROR;
				GCC_WARN_UNDECLARED_SELECTOR = YES;
				GCC_WARN_UNINITIALIZED_AUTOS = YES_AGGRESSIVE;
				GCC_WARN_UNUSED_FUNCTION = YES;
				GCC_WARN_UNUSED_VARIABLE = YES;
				IPHONEOS_DEPLOYMENT_TARGET = 15.5;
				MTL_ENABLE_DEBUG_INFO = NO;
				MTL_FAST_MATH = YES;
				SDKROOT = iphoneos;
				SWIFT_COMPILATION_MODE = wholemodule;
				SWIFT_OPTIMIZATION_LEVEL = "-O";
				VALIDATE_PRODUCT = YES;
			};
			name = Release;
		};
		953D752A28A0F084003BCA51 /* Debug */ = {
			isa = XCBuildConfiguration;
			buildSettings = {
				ASSETCATALOG_COMPILER_APPICON_NAME = AppIcon;
				ASSETCATALOG_COMPILER_GLOBAL_ACCENT_COLOR_NAME = AccentColor;
				CODE_SIGN_STYLE = Automatic;
				CURRENT_PROJECT_VERSION = 1;
				DEVELOPMENT_TEAM = B6DXKZP464;
				GENERATE_INFOPLIST_FILE = YES;
				INFOPLIST_FILE = MyMedicine/Info.plist;
				INFOPLIST_KEY_UIApplicationSupportsIndirectInputEvents = YES;
				INFOPLIST_KEY_UILaunchStoryboardName = LaunchScreen;
				INFOPLIST_KEY_UIMainStoryboardFile = Main;
				INFOPLIST_KEY_UISupportedInterfaceOrientations_iPad = "UIInterfaceOrientationPortrait UIInterfaceOrientationPortraitUpsideDown UIInterfaceOrientationLandscapeLeft UIInterfaceOrientationLandscapeRight";
				INFOPLIST_KEY_UISupportedInterfaceOrientations_iPhone = "UIInterfaceOrientationPortrait UIInterfaceOrientationLandscapeLeft UIInterfaceOrientationLandscapeRight";
				LD_RUNPATH_SEARCH_PATHS = (
					"$(inherited)",
					"@executable_path/Frameworks",
				);
				MARKETING_VERSION = 1.0;
				PRODUCT_BUNDLE_IDENTIFIER = "Kir-Tarasko.MyMedicine";
				PRODUCT_NAME = "$(TARGET_NAME)";
				SWIFT_EMIT_LOC_STRINGS = YES;
				SWIFT_VERSION = 5.0;
				TARGETED_DEVICE_FAMILY = "1,2";
			};
			name = Debug;
		};
		953D752B28A0F084003BCA51 /* Release */ = {
			isa = XCBuildConfiguration;
			buildSettings = {
				ASSETCATALOG_COMPILER_APPICON_NAME = AppIcon;
				ASSETCATALOG_COMPILER_GLOBAL_ACCENT_COLOR_NAME = AccentColor;
				CODE_SIGN_STYLE = Automatic;
				CURRENT_PROJECT_VERSION = 1;
				DEVELOPMENT_TEAM = B6DXKZP464;
				GENERATE_INFOPLIST_FILE = YES;
				INFOPLIST_FILE = MyMedicine/Info.plist;
				INFOPLIST_KEY_UIApplicationSupportsIndirectInputEvents = YES;
				INFOPLIST_KEY_UILaunchStoryboardName = LaunchScreen;
				INFOPLIST_KEY_UIMainStoryboardFile = Main;
				INFOPLIST_KEY_UISupportedInterfaceOrientations_iPad = "UIInterfaceOrientationPortrait UIInterfaceOrientationPortraitUpsideDown UIInterfaceOrientationLandscapeLeft UIInterfaceOrientationLandscapeRight";
				INFOPLIST_KEY_UISupportedInterfaceOrientations_iPhone = "UIInterfaceOrientationPortrait UIInterfaceOrientationLandscapeLeft UIInterfaceOrientationLandscapeRight";
				LD_RUNPATH_SEARCH_PATHS = (
					"$(inherited)",
					"@executable_path/Frameworks",
				);
				MARKETING_VERSION = 1.0;
				PRODUCT_BUNDLE_IDENTIFIER = "Kir-Tarasko.MyMedicine";
				PRODUCT_NAME = "$(TARGET_NAME)";
				SWIFT_EMIT_LOC_STRINGS = YES;
				SWIFT_VERSION = 5.0;
				TARGETED_DEVICE_FAMILY = "1,2";
			};
			name = Release;
		};
		953D752D28A0F084003BCA51 /* Debug */ = {
			isa = XCBuildConfiguration;
			buildSettings = {
				ALWAYS_EMBED_SWIFT_STANDARD_LIBRARIES = YES;
				BUNDLE_LOADER = "$(TEST_HOST)";
				CODE_SIGN_STYLE = Automatic;
				CURRENT_PROJECT_VERSION = 1;
				DEVELOPMENT_TEAM = B6DXKZP464;
				GENERATE_INFOPLIST_FILE = YES;
				IPHONEOS_DEPLOYMENT_TARGET = 15.5;
				MARKETING_VERSION = 1.0;
				PRODUCT_BUNDLE_IDENTIFIER = "Kir-Tarasko.MyMedicineTests";
				PRODUCT_NAME = "$(TARGET_NAME)";
				SWIFT_EMIT_LOC_STRINGS = NO;
				SWIFT_VERSION = 5.0;
				TARGETED_DEVICE_FAMILY = "1,2";
				TEST_HOST = "$(BUILT_PRODUCTS_DIR)/MyMedicine.app/MyMedicine";
			};
			name = Debug;
		};
		953D752E28A0F084003BCA51 /* Release */ = {
			isa = XCBuildConfiguration;
			buildSettings = {
				ALWAYS_EMBED_SWIFT_STANDARD_LIBRARIES = YES;
				BUNDLE_LOADER = "$(TEST_HOST)";
				CODE_SIGN_STYLE = Automatic;
				CURRENT_PROJECT_VERSION = 1;
				DEVELOPMENT_TEAM = B6DXKZP464;
				GENERATE_INFOPLIST_FILE = YES;
				IPHONEOS_DEPLOYMENT_TARGET = 15.5;
				MARKETING_VERSION = 1.0;
				PRODUCT_BUNDLE_IDENTIFIER = "Kir-Tarasko.MyMedicineTests";
				PRODUCT_NAME = "$(TARGET_NAME)";
				SWIFT_EMIT_LOC_STRINGS = NO;
				SWIFT_VERSION = 5.0;
				TARGETED_DEVICE_FAMILY = "1,2";
				TEST_HOST = "$(BUILT_PRODUCTS_DIR)/MyMedicine.app/MyMedicine";
			};
			name = Release;
		};
		953D753028A0F084003BCA51 /* Debug */ = {
			isa = XCBuildConfiguration;
			buildSettings = {
				ALWAYS_EMBED_SWIFT_STANDARD_LIBRARIES = YES;
				CODE_SIGN_STYLE = Automatic;
				CURRENT_PROJECT_VERSION = 1;
				DEVELOPMENT_TEAM = B6DXKZP464;
				GENERATE_INFOPLIST_FILE = YES;
				MARKETING_VERSION = 1.0;
				PRODUCT_BUNDLE_IDENTIFIER = "Kir-Tarasko.MyMedicineUITests";
				PRODUCT_NAME = "$(TARGET_NAME)";
				SWIFT_EMIT_LOC_STRINGS = NO;
				SWIFT_VERSION = 5.0;
				TARGETED_DEVICE_FAMILY = "1,2";
				TEST_TARGET_NAME = MyMedicine;
			};
			name = Debug;
		};
		953D753128A0F084003BCA51 /* Release */ = {
			isa = XCBuildConfiguration;
			buildSettings = {
				ALWAYS_EMBED_SWIFT_STANDARD_LIBRARIES = YES;
				CODE_SIGN_STYLE = Automatic;
				CURRENT_PROJECT_VERSION = 1;
				DEVELOPMENT_TEAM = B6DXKZP464;
				GENERATE_INFOPLIST_FILE = YES;
				MARKETING_VERSION = 1.0;
				PRODUCT_BUNDLE_IDENTIFIER = "Kir-Tarasko.MyMedicineUITests";
				PRODUCT_NAME = "$(TARGET_NAME)";
				SWIFT_EMIT_LOC_STRINGS = NO;
				SWIFT_VERSION = 5.0;
				TARGETED_DEVICE_FAMILY = "1,2";
				TEST_TARGET_NAME = MyMedicine;
			};
			name = Release;
		};
/* End XCBuildConfiguration section */

/* Begin XCConfigurationList section */
		953D74FA28A0F083003BCA51 /* Build configuration list for PBXProject "MyMedicine" */ = {
			isa = XCConfigurationList;
			buildConfigurations = (
				953D752728A0F084003BCA51 /* Debug */,
				953D752828A0F084003BCA51 /* Release */,
			);
			defaultConfigurationIsVisible = 0;
			defaultConfigurationName = Release;
		};
		953D752928A0F084003BCA51 /* Build configuration list for PBXNativeTarget "MyMedicine" */ = {
			isa = XCConfigurationList;
			buildConfigurations = (
				953D752A28A0F084003BCA51 /* Debug */,
				953D752B28A0F084003BCA51 /* Release */,
			);
			defaultConfigurationIsVisible = 0;
			defaultConfigurationName = Release;
		};
		953D752C28A0F084003BCA51 /* Build configuration list for PBXNativeTarget "MyMedicineTests" */ = {
			isa = XCConfigurationList;
			buildConfigurations = (
				953D752D28A0F084003BCA51 /* Debug */,
				953D752E28A0F084003BCA51 /* Release */,
			);
			defaultConfigurationIsVisible = 0;
			defaultConfigurationName = Release;
		};
		953D752F28A0F084003BCA51 /* Build configuration list for PBXNativeTarget "MyMedicineUITests" */ = {
			isa = XCConfigurationList;
			buildConfigurations = (
				953D753028A0F084003BCA51 /* Debug */,
				953D753128A0F084003BCA51 /* Release */,
			);
			defaultConfigurationIsVisible = 0;
			defaultConfigurationName = Release;
		};
/* End XCConfigurationList section */
	};
	rootObject = 953D74F728A0F083003BCA51 /* Project object */;
}
